// !$*UTF8*$!
{
	archiveVersion = 1;
	classes = {
	};
	objectVersion = 48;
	objects = {

/* Begin PBXBuildFile section */
		BDF55D282090BA2600D4BFEE /* AppDelegate.swift in Sources */ = {isa = PBXBuildFile; fileRef = BDF55D272090BA2600D4BFEE /* AppDelegate.swift */; };
		BDF55D2A2090BA2600D4BFEE /* ViewController.swift in Sources */ = {isa = PBXBuildFile; fileRef = BDF55D292090BA2600D4BFEE /* ViewController.swift */; };
		BDF55D2D2090BA2600D4BFEE /* Main.storyboard in Resources */ = {isa = PBXBuildFile; fileRef = BDF55D2B2090BA2600D4BFEE /* Main.storyboard */; };
		BDF55D2F2090BA2600D4BFEE /* Assets.xcassets in Resources */ = {isa = PBXBuildFile; fileRef = BDF55D2E2090BA2600D4BFEE /* Assets.xcassets */; };
		BDF55D322090BA2600D4BFEE /* LaunchScreen.storyboard in Resources */ = {isa = PBXBuildFile; fileRef = BDF55D302090BA2600D4BFEE /* LaunchScreen.storyboard */; };
/* End PBXBuildFile section */

/* Begin PBXFileReference section */
		BDF55D242090BA2600D4BFEE /* CircularMenuWheelSwift.app */ = {isa = PBXFileReference; explicitFileType = wrapper.application; includeInIndex = 0; path = CircularMenuWheelSwift.app; sourceTree = BUILT_PRODUCTS_DIR; };
		BDF55D272090BA2600D4BFEE /* AppDelegate.swift */ = {isa = PBXFileReference; lastKnownFileType = sourcecode.swift; path = AppDelegate.swift; sourceTree = "<group>"; };
		BDF55D292090BA2600D4BFEE /* ViewController.swift */ = {isa = PBXFileReference; lastKnownFileType = sourcecode.swift; path = ViewController.swift; sourceTree = "<group>"; };
		BDF55D2C2090BA2600D4BFEE /* Base */ = {isa = PBXFileReference; lastKnownFileType = file.storyboard; name = Base; path = Base.lproj/Main.storyboard; sourceTree = "<group>"; };
		BDF55D2E2090BA2600D4BFEE /* Assets.xcassets */ = {isa = PBXFileReference; lastKnownFileType = folder.assetcatalog; path = Assets.xcassets; sourceTree = "<group>"; };
		BDF55D312090BA2600D4BFEE /* Base */ = {isa = PBXFileReference; lastKnownFileType = file.storyboard; name = Base; path = Base.lproj/LaunchScreen.storyboard; sourceTree = "<group>"; };
		BDF55D332090BA2600D4BFEE /* Info.plist */ = {isa = PBXFileReference; lastKnownFileType = text.plist.xml; path = Info.plist; sourceTree = "<group>"; };
/* End PBXFileReference section */

/* Begin PBXFrameworksBuildPhase section */
		BDF55D212090BA2600D4BFEE /* Frameworks */ = {
			isa = PBXFrameworksBuildPhase;
			buildActionMask = 2147483647;
			files = (
			);
			runOnlyForDeploymentPostprocessing = 0;
		};
/* End PBXFrameworksBuildPhase section */

/* Begin PBXGroup section */
		BDF55D1B2090BA2600D4BFEE = {
			isa = PBXGroup;
			children = (
				BDF55D262090BA2600D4BFEE /* CircularMenuWheelSwift */,
				BDF55D252090BA2600D4BFEE /* Products */,
			);
			sourceTree = "<group>";
		};
		BDF55D252090BA2600D4BFEE /* Products */ = {
			isa = PBXGroup;
			children = (
				BDF55D242090BA2600D4BFEE /* CircularMenuWheelSwift.app */,
			);
			name = Products;
			sourceTree = "<group>";
		};
		BDF55D262090BA2600D4BFEE /* CircularMenuWheelSwift */ = {
			isa = PBXGroup;
			children = (
				BDF55D272090BA2600D4BFEE /* AppDelegate.swift */,
				BDF55D292090BA2600D4BFEE /* ViewController.swift */,
				BDF55D2B2090BA2600D4BFEE /* Main.storyboard */,
				BDF55D2E2090BA2600D4BFEE /* Assets.xcassets */,
				BDF55D302090BA2600D4BFEE /* LaunchScreen.storyboard */,
				BDF55D332090BA2600D4BFEE /* Info.plist */,
			);
			path = CircularMenuWheelSwift;
			sourceTree = "<group>";
		};
/* End PBXGroup section */

/* Begin PBXNativeTarget section */
		BDF55D232090BA2600D4BFEE /* CircularMenuWheelSwift */ = {
			isa = PBXNativeTarget;
			buildConfigurationList = BDF55D362090BA2600D4BFEE /* Build configuration list for PBXNativeTarget "CircularMenuWheelSwift" */;
			buildPhases = (
				BDF55D202090BA2600D4BFEE /* Sources */,
				BDF55D212090BA2600D4BFEE /* Frameworks */,
				BDF55D222090BA2600D4BFEE /* Resources */,
			);
			buildRules = (
			);
			dependencies = (
			);
			name = CircularMenuWheelSwift;
			productName = CircularMenuWheelSwift;
			productReference = BDF55D242090BA2600D4BFEE /* CircularMenuWheelSwift.app */;
			productType = "com.apple.product-type.application";
		};
/* End PBXNativeTarget section */

/* Begin PBXProject section */
		BDF55D1C2090BA2600D4BFEE /* Project object */ = {
			isa = PBXProject;
			attributes = {
				LastSwiftUpdateCheck = 0920;
				LastUpgradeCheck = 0920;
				ORGANIZATIONNAME = "Brad Chessin";
				TargetAttributes = {
					BDF55D232090BA2600D4BFEE = {
						CreatedOnToolsVersion = 9.2;
						ProvisioningStyle = Automatic;
					};
				};
			};
			buildConfigurationList = BDF55D1F2090BA2600D4BFEE /* Build configuration list for PBXProject "CircularMenuWheelSwift" */;
			compatibilityVersion = "Xcode 8.0";
			developmentRegion = en;
			hasScannedForEncodings = 0;
			knownRegions = (
				en,
				Base,
			);
			mainGroup = BDF55D1B2090BA2600D4BFEE;
			productRefGroup = BDF55D252090BA2600D4BFEE /* Products */;
			projectDirPath = "";
			projectRoot = "";
			targets = (
				BDF55D232090BA2600D4BFEE /* CircularMenuWheelSwift */,
			);
		};
/* End PBXProject section */

/* Begin PBXResourcesBuildPhase section */
		BDF55D222090BA2600D4BFEE /* Resources */ = {
			isa = PBXResourcesBuildPhase;
			buildActionMask = 2147483647;
			files = (
				BDF55D322090BA2600D4BFEE /* LaunchScreen.storyboard in Resources */,
				BDF55D2F2090BA2600D4BFEE /* Assets.xcassets in Resources */,
				BDF55D2D2090BA2600D4BFEE /* Main.storyboard in Resources */,
			);
			runOnlyForDeploymentPostprocessing = 0;
		};
/* End PBXResourcesBuildPhase section */

/* Begin PBXSourcesBuildPhase section */
		BDF55D202090BA2600D4BFEE /* Sources */ = {
			isa = PBXSourcesBuildPhase;
			buildActionMask = 2147483647;
			files = (
				BDF55D2A2090BA2600D4BFEE /* ViewController.swift in Sources */,
				BDF55D282090BA2600D4BFEE /* AppDelegate.swift in Sources */,
			);
			runOnlyForDeploymentPostprocessing = 0;
		};
/* End PBXSourcesBuildPhase section */

/* Begin PBXVariantGroup section */
		BDF55D2B2090BA2600D4BFEE /* Main.storyboard */ = {
			isa = PBXVariantGroup;
			children = (
				BDF55D2C2090BA2600D4BFEE /* Base */,
			);
			name = Main.storyboard;
			sourceTree = "<group>";
		};
		BDF55D302090BA2600D4BFEE /* LaunchScreen.storyboard */ = {
			isa = PBXVariantGroup;
			children = (
				BDF55D312090BA2600D4BFEE /* Base */,
			);
			name = LaunchScreen.storyboard;
			sourceTree = "<group>";
		};
/* End PBXVariantGroup section */

/* Begin XCBuildConfiguration section */
		BDF55D342090BA2600D4BFEE /* Debug */ = {
			isa = XCBuildConfiguration;
			buildSettings = {
				ALWAYS_SEARCH_USER_PATHS = NO;
				CLANG_ANALYZER_NONNULL = YES;
				CLANG_ANALYZER_NUMBER_OBJECT_CONVERSION = YES_AGGRESSIVE;
				CLANG_CXX_LANGUAGE_STANDARD = "gnu++14";
				CLANG_CXX_LIBRARY = "libc++";
				CLANG_ENABLE_MODULES = YES;
				CLANG_ENABLE_OBJC_ARC = YES;
				CLANG_WARN_BLOCK_CAPTURE_AUTORELEASING = YES;
				CLANG_WARN_BOOL_CONVERSION = YES;
				CLANG_WARN_COMMA = YES;
				CLANG_WARN_CONSTANT_CONVERSION = YES;
				CLANG_WARN_DIRECT_OBJC_ISA_USAGE = YES_ERROR;
				CLANG_WARN_DOCUMENTATION_COMMENTS = YES;
				CLANG_WARN_EMPTY_BODY = YES;
				CLANG_WARN_ENUM_CONVERSION = YES;
				CLANG_WARN_INFINITE_RECURSION = YES;
				CLANG_WARN_INT_CONVERSION = YES;
				CLANG_WARN_NON_LITERAL_NULL_CONVERSION = YES;
				CLANG_WARN_OBJC_LITERAL_CONVERSION = YES;
				CLANG_WARN_OBJC_ROOT_CLASS = YES_ERROR;
				CLANG_WARN_RANGE_LOOP_ANALYSIS = YES;
				CLANG_WARN_STRICT_PROTOTYPES = YES;
				CLANG_WARN_SUSPICIOUS_MOVE = YES;
				CLANG_WARN_UNGUARDED_AVAILABILITY = YES_AGGRESSIVE;
				CLANG_WARN_UNREACHABLE_CODE = YES;
				CLANG_WARN__DUPLICATE_METHOD_MATCH = YES;
				CODE_SIGN_IDENTITY = "iPhone Developer";
				COPY_PHASE_STRIP = NO;
				DEBUG_INFORMATION_FORMAT = dwarf;
				ENABLE_STRICT_OBJC_MSGSEND = YES;
				ENABLE_TESTABILITY = YES;
				GCC_C_LANGUAGE_STANDARD = gnu11;
				GCC_DYNAMIC_NO_PIC = NO;
				GCC_NO_COMMON_BLOCKS = YES;
				GCC_OPTIMIZATION_LEVEL = 0;
				GCC_PREPROCESSOR_DEFINITIONS = (
					"DEBUG=1",
					"$(inherited)",
				);
				GCC_WARN_64_TO_32_BIT_CONVERSION = YES;
				GCC_WARN_ABOUT_RETURN_TYPE = YES_ERROR;
				GCC_WARN_UNDECLARED_SELECTOR = YES;
				GCC_WARN_UNINITIALIZED_AUTOS = YES_AGGRESSIVE;
				GCC_WARN_UNUSED_FUNCTION = YES;
				GCC_WARN_UNUSED_VARIABLE = YES;
				IPHONEOS_DEPLOYMENT_TARGET = 11.2;
				MTL_ENABLE_DEBUG_INFO = YES;
				ONLY_ACTIVE_ARCH = YES;
				SDKROOT = iphoneos;
				SWIFT_ACTIVE_COMPILATION_CONDITIONS = DEBUG;
				SWIFT_OPTIMIZATION_LEVEL = "-Onone";
			};
			name = Debug;
		};
		BDF55D352090BA2600D4BFEE /* Release */ = {
			isa = XCBuildConfiguration;
			buildSettings = {
				ALWAYS_SEARCH_USER_PATHS = NO;
				CLANG_ANALYZER_NONNULL = YES;
				CLANG_ANALYZER_NUMBER_OBJECT_CONVERSION = YES_AGGRESSIVE;
				CLANG_CXX_LANGUAGE_STANDARD = "gnu++14";
				CLANG_CXX_LIBRARY = "libc++";
				CLANG_ENABLE_MODULES = YES;
				CLANG_ENABLE_OBJC_ARC = YES;
				CLANG_WARN_BLOCK_CAPTURE_AUTORELEASING = YES;
				CLANG_WARN_BOOL_CONVERSION = YES;
				CLANG_WARN_COMMA = YES;
				CLANG_WARN_CONSTANT_CONVERSION = YES;
				CLANG_WARN_DIRECT_OBJC_ISA_USAGE = YES_ERROR;
				CLANG_WARN_DOCUMENTATION_COMMENTS = YES;
				CLANG_WARN_EMPTY_BODY = YES;
				CLANG_WARN_ENUM_CONVERSION = YES;
				CLANG_WARN_INFINITE_RECURSION = YES;
				CLANG_WARN_INT_CONVERSION = YES;
				CLANG_WARN_NON_LITERAL_NULL_CONVERSION = YES;
				CLANG_WARN_OBJC_LITERAL_CONVERSION = YES;
				CLANG_WARN_OBJC_ROOT_CLASS = YES_ERROR;
				CLANG_WARN_RANGE_LOOP_ANALYSIS = YES;
				CLANG_WARN_STRICT_PROTOTYPES = YES;
				CLANG_WARN_SUSPICIOUS_MOVE = YES;
				CLANG_WARN_UNGUARDED_AVAILABILITY = YES_AGGRESSIVE;
				CLANG_WARN_UNREACHABLE_CODE = YES;
				CLANG_WARN__DUPLICATE_METHOD_MATCH = YES;
				CODE_SIGN_IDENTITY = "iPhone Developer";
				COPY_PHASE_STRIP = NO;
				DEBUG_INFORMATION_FORMAT = "dwarf-with-dsym";
				ENABLE_NS_ASSERTIONS = NO;
				ENABLE_STRICT_OBJC_MSGSEND = YES;
				GCC_C_LANGUAGE_STANDARD = gnu11;
				GCC_NO_COMMON_BLOCKS = YES;
				GCC_WARN_64_TO_32_BIT_CONVERSION = YES;
				GCC_WARN_ABOUT_RETURN_TYPE = YES_ERROR;
				GCC_WARN_UNDECLARED_SELECTOR = YES;
				GCC_WARN_UNINITIALIZED_AUTOS = YES_AGGRESSIVE;
				GCC_WARN_UNUSED_FUNCTION = YES;
				GCC_WARN_UNUSED_VARIABLE = YES;
				IPHONEOS_DEPLOYMENT_TARGET = 11.2;
				MTL_ENABLE_DEBUG_INFO = NO;
				SDKROOT = iphoneos;
				SWIFT_OPTIMIZATION_LEVEL = "-Owholemodule";
				VALIDATE_PRODUCT = YES;
			};
			name = Release;
		};
		BDF55D372090BA2600D4BFEE /* Debug */ = {
			isa = XCBuildConfiguration;
			buildSettings = {
				ASSETCATALOG_COMPILER_APPICON_NAME = AppIcon;
				CODE_SIGN_STYLE = Automatic;
				DEVELOPMENT_TEAM = A5FRBS4NZH;
				INFOPLIST_FILE = CircularMenuWheelSwift/Info.plist;
				LD_RUNPATH_SEARCH_PATHS = "$(inherited) @executable_path/Frameworks";
				PRODUCT_BUNDLE_IDENTIFIER = BradChessin.CircularMenuWheelSwift;
				PRODUCT_NAME = "$(TARGET_NAME)";
				SWIFT_VERSION = 4.0;
				TARGETED_DEVICE_FAMILY = "1,2";
			};
			name = Debug;
		};
		BDF55D382090BA2600D4BFEE /* Release */ = {
			isa = XCBuildConfiguration;
			buildSettings = {
				ASSETCATALOG_COMPILER_APPICON_NAME = AppIcon;
				CODE_SIGN_STYLE = Automatic;
				DEVELOPMENT_TEAM = A5FRBS4NZH;
				INFOPLIST_FILE = CircularMenuWheelSwift/Info.plist;
				LD_RUNPATH_SEARCH_PATHS = "$(inherited) @executable_path/Frameworks";
				PRODUCT_BUNDLE_IDENTIFIER = BradChessin.CircularMenuWheelSwift;
				PRODUCT_NAME = "$(TARGET_NAME)";
				SWIFT_VERSION = 4.0;
				TARGETED_DEVICE_FAMILY = "1,2";
			};
			name = Release;
		};
/* End XCBuildConfiguration section */

/* Begin XCConfigurationList section */
		BDF55D1F2090BA2600D4BFEE /* Build configuration list for PBXProject "CircularMenuWheelSwift" */ = {
			isa = XCConfigurationList;
			buildConfigurations = (
				BDF55D342090BA2600D4BFEE /* Debug */,
				BDF55D352090BA2600D4BFEE /* Release */,
			);
			defaultConfigurationIsVisible = 0;
			defaultConfigurationName = Release;
		};
		BDF55D362090BA2600D4BFEE /* Build configuration list for PBXNativeTarget "CircularMenuWheelSwift" */ = {
			isa = XCConfigurationList;
			buildConfigurations = (
				BDF55D372090BA2600D4BFEE /* Debug */,
				BDF55D382090BA2600D4BFEE /* Release */,
			);
			defaultConfigurationIsVisible = 0;
			defaultConfigurationName = Release;
		};
/* End XCConfigurationList section */
	};
	rootObject = BDF55D1C2090BA2600D4BFEE /* Project object */;
}
